
Microsoft Visual Studio Solution File, Format Version 12.00
# Visual Studio Version 16
VisualStudioVersion = 16.0.30907.101
MinimumVisualStudioVersion = 10.0.40219.1
Project("{FAE04EC0-301F-11D3-BF4B-00C04F79EFBC}") = "ConsoleApp18", "ConsoleApp18\ConsoleApp18.csproj", "{41759DD6-4272-4CDC-9B12-A65C8E813307}"
EndProject
Global
	GlobalSection(SolutionConfigurationPlatforms) = preSolution
		Debug|Any CPU = Debug|Any CPU
		Release|Any CPU = Release|Any CPU
	EndGlobalSection
	GlobalSection(ProjectConfigurationPlatforms) = postSolution
		{41759DD6-4272-4CDC-9B12-A65C8E813307}.Debug|Any CPU.ActiveCfg = Debug|Any CPU
		{41759DD6-4272-4CDC-9B12-A65C8E813307}.Debug|Any CPU.Build.0 = Debug|Any CPU
		{41759DD6-4272-4CDC-9B12-A65C8E813307}.Release|Any CPU.ActiveCfg = Release|Any CPU
		{41759DD6-4272-4CDC-9B12-A65C8E813307}.Release|Any CPU.Build.0 = Release|Any CPU
	EndGlobalSection
	GlobalSection(SolutionProperties) = preSolution
		HideSolutionNode = FALSE
	EndGlobalSection
	GlobalSection(ExtensibilityGlobals) = postSolution
		SolutionGuid = {33E2F601-7B45-42E8-875C-7C93624E945A}
	EndGlobalSection
EndGlobal
